
Microsoft Visual Studio Solution File, Format Version 12.00
# Visual Studio 14
VisualStudioVersion = 14.0.25420.1
MinimumVisualStudioVersion = 10.0.40219.1
Project("{2150E333-8FDC-42A3-9474-1A3956D46DE8}") = "src", "src", "{EA5A1F81-D981-418A-AD0F-3F07D330FDC8}"
EndProject
Project("{2150E333-8FDC-42A3-9474-1A3956D46DE8}") = "Solution Items", "Solution Items", "{127C90C5-2D69-4CE6-98D2-BC94BA54C118}"
	ProjectSection(SolutionItems) = preProject
		global.json = global.json
	EndProjectSection
EndProject
Project("{8BB2217D-0F2D-49D1-97BC-3654ED321F3B}") = "WebApplication2", "src\WebApplication2\WebApplication2.xproj", "{C77576DB-8BAB-45E4-B698-BA31C3870782}"
EndProject
Global
	GlobalSection(SolutionConfigurationPlatforms) = preSolution
		Debug|Any CPU = Debug|Any CPU
		Release|Any CPU = Release|Any CPU
	EndGlobalSection
	GlobalSection(ProjectConfigurationPlatforms) = postSolution
		{C77576DB-8BAB-45E4-B698-BA31C3870782}.Debug|Any CPU.ActiveCfg = Debug|Any CPU
		{C77576DB-8BAB-45E4-B698-BA31C3870782}.Debug|Any CPU.Build.0 = Debug|Any CPU
		{C77576DB-8BAB-45E4-B698-BA31C3870782}.Release|Any CPU.ActiveCfg = Release|Any CPU
		{C77576DB-8BAB-45E4-B698-BA31C3870782}.Release|Any CPU.Build.0 = Release|Any CPU
	EndGlobalSection
	GlobalSection(SolutionProperties) = preSolution
		HideSolutionNode = FALSE
	EndGlobalSection
	GlobalSection(NestedProjects) = preSolution
		{C77576DB-8BAB-45E4-B698-BA31C3870782} = {EA5A1F81-D981-418A-AD0F-3F07D330FDC8}
	EndGlobalSection
EndGlobal
